
Microsoft Visual Studio Solution File, Format Version 12.00
# Visual Studio Version 17
VisualStudioVersion = 17.0.31903.59
MinimumVisualStudioVersion = 10.0.40219.1
Project("{2150E333-8FDC-42A3-9474-1A3956D46DE8}") = "src", "src", "{827E0CD3-B72D-47B6-A68D-7590B98EB39B}"
EndProject
Project("{2150E333-8FDC-42A3-9474-1A3956D46DE8}") = "Sales", "Sales", "{F6FDC0FD-C141-B423-7C68-0DF90D9BC1ED}"
EndProject
Project("{FAE04EC0-301F-11D3-BF4B-00C04F79EFBC}") = "Sales.Domain", "src\Sales\Sales.Domain\Sales.Domain.csproj", "{B49A8499-A09D-43EB-A2C1-76DD389CE0A9}"
EndProject
Project("{FAE04EC0-301F-11D3-BF4B-00C04F79EFBC}") = "Sales.Application", "src\Sales\Sales.Application\Sales.Application.csproj", "{874ECC7E-071B-4F22-A999-9B6F87C13A9F}"
EndProject
Project("{FAE04EC0-301F-11D3-BF4B-00C04F79EFBC}") = "Sales.Infrastructure", "src\Sales\Sales.Infrastructure\Sales.Infrastructure.csproj", "{38C0F0E4-1E3F-4188-8FE8-E8043DFEB9EF}"
EndProject
Project("{FAE04EC0-301F-11D3-BF4B-00C04F79EFBC}") = "Sales.Api", "src\Sales\Sales.Api\Sales.Api.csproj", "{736C2B7F-A2B4-4DF3-BF89-74A5417313B3}"
EndProject
Project("{FAE04EC0-301F-11D3-BF4B-00C04F79EFBC}") = "Auth.Api", "src\Auth\Auth.Api\Auth.Api.csproj", "{4A5C0583-28E6-456D-A34E-20C884CE168B}"
EndProject
Project("{FAE04EC0-301F-11D3-BF4B-00C04F79EFBC}") = "Shared.Common", "src\Shared\Shared.Common\Shared.Common.csproj", "{60140BA1-3775-4ACE-A032-952E606AB9FC}"
EndProject
Project("{FAE04EC0-301F-11D3-BF4B-00C04F79EFBC}") = "Sales.UnitTests", "tests\Sales.UnitTests\Sales.UnitTests.csproj", "{76D1E26A-8EA6-474E-BA41-A7F36AF1E119}"
EndProject
Project("{FAE04EC0-301F-11D3-BF4B-00C04F79EFBC}") = "Sales.IntegrationTests", "tests\Sales.IntegrationTests\Sales.IntegrationTests.csproj", "{EF771A1B-750D-4E03-A985-39414B4FB1C2}"
EndProject
Project("{FAE04EC0-301F-11D3-BF4B-00C04F79EFBC}") = "Sales.FunctionalTests", "tests\Sales.FunctionalTests\Sales.FunctionalTests.csproj", "{D11E4805-9D15-4DDD-8723-A18BD606C2D4}"
EndProject
Global
	GlobalSection(SolutionConfigurationPlatforms) = preSolution
		Debug|Any CPU = Debug|Any CPU
		Debug|x64 = Debug|x64
		Debug|x86 = Debug|x86
		Release|Any CPU = Release|Any CPU
		Release|x64 = Release|x64
		Release|x86 = Release|x86
	EndGlobalSection
	GlobalSection(ProjectConfigurationPlatforms) = postSolution
		{B49A8499-A09D-43EB-A2C1-76DD389CE0A9}.Debug|Any CPU.ActiveCfg = Debug|Any CPU
		{B49A8499-A09D-43EB-A2C1-76DD389CE0A9}.Debug|Any CPU.Build.0 = Debug|Any CPU
		{B49A8499-A09D-43EB-A2C1-76DD389CE0A9}.Debug|x64.ActiveCfg = Debug|Any CPU
		{B49A8499-A09D-43EB-A2C1-76DD389CE0A9}.Debug|x64.Build.0 = Debug|Any CPU
		{B49A8499-A09D-43EB-A2C1-76DD389CE0A9}.Debug|x86.ActiveCfg = Debug|Any CPU
		{B49A8499-A09D-43EB-A2C1-76DD389CE0A9}.Debug|x86.Build.0 = Debug|Any CPU
		{B49A8499-A09D-43EB-A2C1-76DD389CE0A9}.Release|Any CPU.ActiveCfg = Release|Any CPU
		{B49A8499-A09D-43EB-A2C1-76DD389CE0A9}.Release|Any CPU.Build.0 = Release|Any CPU
		{B49A8499-A09D-43EB-A2C1-76DD389CE0A9}.Release|x64.ActiveCfg = Release|Any CPU
		{B49A8499-A09D-43EB-A2C1-76DD389CE0A9}.Release|x64.Build.0 = Release|Any CPU
		{B49A8499-A09D-43EB-A2C1-76DD389CE0A9}.Release|x86.ActiveCfg = Release|Any CPU
		{B49A8499-A09D-43EB-A2C1-76DD389CE0A9}.Release|x86.Build.0 = Release|Any CPU
		{874ECC7E-071B-4F22-A999-9B6F87C13A9F}.Debug|Any CPU.ActiveCfg = Debug|Any CPU
		{874ECC7E-071B-4F22-A999-9B6F87C13A9F}.Debug|Any CPU.Build.0 = Debug|Any CPU
		{874ECC7E-071B-4F22-A999-9B6F87C13A9F}.Debug|x64.ActiveCfg = Debug|Any CPU
		{874ECC7E-071B-4F22-A999-9B6F87C13A9F}.Debug|x64.Build.0 = Debug|Any CPU
		{874ECC7E-071B-4F22-A999-9B6F87C13A9F}.Debug|x86.ActiveCfg = Debug|Any CPU
		{874ECC7E-071B-4F22-A999-9B6F87C13A9F}.Debug|x86.Build.0 = Debug|Any CPU
		{874ECC7E-071B-4F22-A999-9B6F87C13A9F}.Release|Any CPU.ActiveCfg = Release|Any CPU
		{874ECC7E-071B-4F22-A999-9B6F87C13A9F}.Release|Any CPU.Build.0 = Release|Any CPU
		{874ECC7E-071B-4F22-A999-9B6F87C13A9F}.Release|x64.ActiveCfg = Release|Any CPU
		{874ECC7E-071B-4F22-A999-9B6F87C13A9F}.Release|x64.Build.0 = Release|Any CPU
		{874ECC7E-071B-4F22-A999-9B6F87C13A9F}.Release|x86.ActiveCfg = Release|Any CPU
		{874ECC7E-071B-4F22-A999-9B6F87C13A9F}.Release|x86.Build.0 = Release|Any CPU
		{38C0F0E4-1E3F-4188-8FE8-E8043DFEB9EF}.Debug|Any CPU.ActiveCfg = Debug|Any CPU
		{38C0F0E4-1E3F-4188-8FE8-E8043DFEB9EF}.Debug|Any CPU.Build.0 = Debug|Any CPU
		{38C0F0E4-1E3F-4188-8FE8-E8043DFEB9EF}.Debug|x64.ActiveCfg = Debug|Any CPU
		{38C0F0E4-1E3F-4188-8FE8-E8043DFEB9EF}.Debug|x64.Build.0 = Debug|Any CPU
		{38C0F0E4-1E3F-4188-8FE8-E8043DFEB9EF}.Debug|x86.ActiveCfg = Debug|Any CPU
		{38C0F0E4-1E3F-4188-8FE8-E8043DFEB9EF}.Debug|x86.Build.0 = Debug|Any CPU
		{38C0F0E4-1E3F-4188-8FE8-E8043DFEB9EF}.Release|Any CPU.ActiveCfg = Release|Any CPU
		{38C0F0E4-1E3F-4188-8FE8-E8043DFEB9EF}.Release|Any CPU.Build.0 = Release|Any CPU
		{38C0F0E4-1E3F-4188-8FE8-E8043DFEB9EF}.Release|x64.ActiveCfg = Release|Any CPU
		{38C0F0E4-1E3F-4188-8FE8-E8043DFEB9EF}.Release|x64.Build.0 = Release|Any CPU
		{38C0F0E4-1E3F-4188-8FE8-E8043DFEB9EF}.Release|x86.ActiveCfg = Release|Any CPU
		{38C0F0E4-1E3F-4188-8FE8-E8043DFEB9EF}.Release|x86.Build.0 = Release|Any CPU
		{736C2B7F-A2B4-4DF3-BF89-74A5417313B3}.Debug|Any CPU.ActiveCfg = Debug|Any CPU
		{736C2B7F-A2B4-4DF3-BF89-74A5417313B3}.Debug|Any CPU.Build.0 = Debug|Any CPU
		{736C2B7F-A2B4-4DF3-BF89-74A5417313B3}.Debug|x64.ActiveCfg = Debug|Any CPU
		{736C2B7F-A2B4-4DF3-BF89-74A5417313B3}.Debug|x64.Build.0 = Debug|Any CPU
		{736C2B7F-A2B4-4DF3-BF89-74A5417313B3}.Debug|x86.ActiveCfg = Debug|Any CPU
		{736C2B7F-A2B4-4DF3-BF89-74A5417313B3}.Debug|x86.Build.0 = Debug|Any CPU
		{736C2B7F-A2B4-4DF3-BF89-74A5417313B3}.Release|Any CPU.ActiveCfg = Release|Any CPU
		{736C2B7F-A2B4-4DF3-BF89-74A5417313B3}.Release|Any CPU.Build.0 = Release|Any CPU
		{736C2B7F-A2B4-4DF3-BF89-74A5417313B3}.Release|x64.ActiveCfg = Release|Any CPU
		{736C2B7F-A2B4-4DF3-BF89-74A5417313B3}.Release|x64.Build.0 = Release|Any CPU
		{736C2B7F-A2B4-4DF3-BF89-74A5417313B3}.Release|x86.ActiveCfg = Release|Any CPU
		{736C2B7F-A2B4-4DF3-BF89-74A5417313B3}.Release|x86.Build.0 = Release|Any CPU
		{4A5C0583-28E6-456D-A34E-20C884CE168B}.Debug|Any CPU.ActiveCfg = Debug|Any CPU
		{4A5C0583-28E6-456D-A34E-20C884CE168B}.Debug|Any CPU.Build.0 = Debug|Any CPU
		{4A5C0583-28E6-456D-A34E-20C884CE168B}.Debug|x64.ActiveCfg = Debug|Any CPU
		{4A5C0583-28E6-456D-A34E-20C884CE168B}.Debug|x64.Build.0 = Debug|Any CPU
		{4A5C0583-28E6-456D-A34E-20C884CE168B}.Debug|x86.ActiveCfg = Debug|Any CPU
		{4A5C0583-28E6-456D-A34E-20C884CE168B}.Debug|x86.Build.0 = Debug|Any CPU
		{4A5C0583-28E6-456D-A34E-20C884CE168B}.Release|Any CPU.ActiveCfg = Release|Any CPU
		{4A5C0583-28E6-456D-A34E-20C884CE168B}.Release|Any CPU.Build.0 = Release|Any CPU
		{4A5C0583-28E6-456D-A34E-20C884CE168B}.Release|x64.ActiveCfg = Release|Any CPU
		{4A5C0583-28E6-456D-A34E-20C884CE168B}.Release|x64.Build.0 = Release|Any CPU
		{4A5C0583-28E6-456D-A34E-20C884CE168B}.Release|x86.ActiveCfg = Release|Any CPU
		{4A5C0583-28E6-456D-A34E-20C884CE168B}.Release|x86.Build.0 = Release|Any CPU
		{60140BA1-3775-4ACE-A032-952E606AB9FC}.Debug|Any CPU.ActiveCfg = Debug|Any CPU
		{60140BA1-3775-4ACE-A032-952E606AB9FC}.Debug|Any CPU.Build.0 = Debug|Any CPU
		{60140BA1-3775-4ACE-A032-952E606AB9FC}.Debug|x64.ActiveCfg = Debug|Any CPU
		{60140BA1-3775-4ACE-A032-952E606AB9FC}.Debug|x64.Build.0 = Debug|Any CPU
		{60140BA1-3775-4ACE-A032-952E606AB9FC}.Debug|x86.ActiveCfg = Debug|Any CPU
		{60140BA1-3775-4ACE-A032-952E606AB9FC}.Debug|x86.Build.0 = Debug|Any CPU
		{60140BA1-3775-4ACE-A032-952E606AB9FC}.Release|Any CPU.ActiveCfg = Release|Any CPU
		{60140BA1-3775-4ACE-A032-952E606AB9FC}.Release|Any CPU.Build.0 = Release|Any CPU
		{60140BA1-3775-4ACE-A032-952E606AB9FC}.Release|x64.ActiveCfg = Release|Any CPU
		{60140BA1-3775-4ACE-A032-952E606AB9FC}.Release|x64.Build.0 = Release|Any CPU
		{60140BA1-3775-4ACE-A032-952E606AB9FC}.Release|x86.ActiveCfg = Release|Any CPU
		{60140BA1-3775-4ACE-A032-952E606AB9FC}.Release|x86.Build.0 = Release|Any CPU
		{76D1E26A-8EA6-474E-BA41-A7F36AF1E119}.Debug|Any CPU.ActiveCfg = Debug|Any CPU
		{76D1E26A-8EA6-474E-BA41-A7F36AF1E119}.Debug|Any CPU.Build.0 = Debug|Any CPU
		{76D1E26A-8EA6-474E-BA41-A7F36AF1E119}.Debug|x64.ActiveCfg = Debug|Any CPU
		{76D1E26A-8EA6-474E-BA41-A7F36AF1E119}.Debug|x64.Build.0 = Debug|Any CPU
		{76D1E26A-8EA6-474E-BA41-A7F36AF1E119}.Debug|x86.ActiveCfg = Debug|Any CPU
		{76D1E26A-8EA6-474E-BA41-A7F36AF1E119}.Debug|x86.Build.0 = Debug|Any CPU
		{76D1E26A-8EA6-474E-BA41-A7F36AF1E119}.Release|Any CPU.ActiveCfg = Release|Any CPU
		{76D1E26A-8EA6-474E-BA41-A7F36AF1E119}.Release|Any CPU.Build.0 = Release|Any CPU
		{76D1E26A-8EA6-474E-BA41-A7F36AF1E119}.Release|x64.ActiveCfg = Release|Any CPU
		{76D1E26A-8EA6-474E-BA41-A7F36AF1E119}.Release|x64.Build.0 = Release|Any CPU
		{76D1E26A-8EA6-474E-BA41-A7F36AF1E119}.Release|x86.ActiveCfg = Release|Any CPU
		{76D1E26A-8EA6-474E-BA41-A7F36AF1E119}.Release|x86.Build.0 = Release|Any CPU
		{EF771A1B-750D-4E03-A985-39414B4FB1C2}.Debug|Any CPU.ActiveCfg = Debug|Any CPU
		{EF771A1B-750D-4E03-A985-39414B4FB1C2}.Debug|Any CPU.Build.0 = Debug|Any CPU
		{EF771A1B-750D-4E03-A985-39414B4FB1C2}.Debug|x64.ActiveCfg = Debug|Any CPU
		{EF771A1B-750D-4E03-A985-39414B4FB1C2}.Debug|x64.Build.0 = Debug|Any CPU
		{EF771A1B-750D-4E03-A985-39414B4FB1C2}.Debug|x86.ActiveCfg = Debug|Any CPU
		{EF771A1B-750D-4E03-A985-39414B4FB1C2}.Debug|x86.Build.0 = Debug|Any CPU
		{EF771A1B-750D-4E03-A985-39414B4FB1C2}.Release|Any CPU.ActiveCfg = Release|Any CPU
		{EF771A1B-750D-4E03-A985-39414B4FB1C2}.Release|Any CPU.Build.0 = Release|Any CPU
		{EF771A1B-750D-4E03-A985-39414B4FB1C2}.Release|x64.ActiveCfg = Release|Any CPU
		{EF771A1B-750D-4E03-A985-39414B4FB1C2}.Release|x64.Build.0 = Release|Any CPU
		{EF771A1B-750D-4E03-A985-39414B4FB1C2}.Release|x86.ActiveCfg = Release|Any CPU
		{EF771A1B-750D-4E03-A985-39414B4FB1C2}.Release|x86.Build.0 = Release|Any CPU
		{D11E4805-9D15-4DDD-8723-A18BD606C2D4}.Debug|Any CPU.ActiveCfg = Debug|Any CPU
		{D11E4805-9D15-4DDD-8723-A18BD606C2D4}.Debug|Any CPU.Build.0 = Debug|Any CPU
		{D11E4805-9D15-4DDD-8723-A18BD606C2D4}.Debug|x64.ActiveCfg = Debug|Any CPU
		{D11E4805-9D15-4DDD-8723-A18BD606C2D4}.Debug|x64.Build.0 = Debug|Any CPU
		{D11E4805-9D15-4DDD-8723-A18BD606C2D4}.Debug|x86.ActiveCfg = Debug|Any CPU
		{D11E4805-9D15-4DDD-8723-A18BD606C2D4}.Debug|x86.Build.0 = Debug|Any CPU
		{D11E4805-9D15-4DDD-8723-A18BD606C2D4}.Release|Any CPU.ActiveCfg = Release|Any CPU
		{D11E4805-9D15-4DDD-8723-A18BD606C2D4}.Release|Any CPU.Build.0 = Release|Any CPU
		{D11E4805-9D15-4DDD-8723-A18BD606C2D4}.Release|x64.ActiveCfg = Release|Any CPU
		{D11E4805-9D15-4DDD-8723-A18BD606C2D4}.Release|x64.Build.0 = Release|Any CPU
		{D11E4805-9D15-4DDD-8723-A18BD606C2D4}.Release|x86.ActiveCfg = Release|Any CPU
		{D11E4805-9D15-4DDD-8723-A18BD606C2D4}.Release|x86.Build.0 = Release|Any CPU
	EndGlobalSection
	GlobalSection(SolutionProperties) = preSolution
		HideSolutionNode = FALSE
	EndGlobalSection
	GlobalSection(NestedProjects) = preSolution
		{F6FDC0FD-C141-B423-7C68-0DF90D9BC1ED} = {827E0CD3-B72D-47B6-A68D-7590B98EB39B}
		{B49A8499-A09D-43EB-A2C1-76DD389CE0A9} = {F6FDC0FD-C141-B423-7C68-0DF90D9BC1ED}
		{874ECC7E-071B-4F22-A999-9B6F87C13A9F} = {F6FDC0FD-C141-B423-7C68-0DF90D9BC1ED}
		{38C0F0E4-1E3F-4188-8FE8-E8043DFEB9EF} = {F6FDC0FD-C141-B423-7C68-0DF90D9BC1ED}
		{736C2B7F-A2B4-4DF3-BF89-74A5417313B3} = {F6FDC0FD-C141-B423-7C68-0DF90D9BC1ED}
		{4A5C0583-28E6-456D-A34E-20C884CE168B} = {F6FDC0FD-C141-B423-7C68-0DF90D9BC1ED}
		{60140BA1-3775-4ACE-A032-952E606AB9FC} = {F6FDC0FD-C141-B423-7C68-0DF90D9BC1ED}
		{76D1E26A-8EA6-474E-BA41-A7F36AF1E119} = {F6FDC0FD-C141-B423-7C68-0DF90D9BC1ED}
		{EF771A1B-750D-4E03-A985-39414B4FB1C2} = {F6FDC0FD-C141-B423-7C68-0DF90D9BC1ED}
		{D11E4805-9D15-4DDD-8723-A18BD606C2D4} = {F6FDC0FD-C141-B423-7C68-0DF90D9BC1ED}
	EndGlobalSection
EndGlobal
